
Microsoft Visual Studio Solution File, Format Version 12.00
# Visual Studio Version 17
VisualStudioVersion = 17.13.35825.156
MinimumVisualStudioVersion = 10.0.40219.1
Project("{FAE04EC0-301F-11D3-BF4B-00C04F79EFBC}") = "DocaSub", "DocaSub\DocaSub.csproj", "{9F5B7127-D4D6-40B5-9992-1829EF5942A0}"
EndProject
Project("{FAE04EC0-301F-11D3-BF4B-00C04F79EFBC}") = "DocaSub.Tests", "DocaSub.Tests\DocaSub.Tests.csproj", "{71098284-F530-4ED9-A29E-C049B8A75A63}"
EndProject
Global
	GlobalSection(SolutionConfigurationPlatforms) = preSolution
		Debug|Any CPU = Debug|Any CPU
		Release|Any CPU = Release|Any CPU
	EndGlobalSection
	GlobalSection(ProjectConfigurationPlatforms) = postSolution
		{9F5B7127-D4D6-40B5-9992-1829EF5942A0}.Debug|Any CPU.ActiveCfg = Debug|Any CPU
		{9F5B7127-D4D6-40B5-9992-1829EF5942A0}.Debug|Any CPU.Build.0 = Debug|Any CPU
		{9F5B7127-D4D6-40B5-9992-1829EF5942A0}.Release|Any CPU.ActiveCfg = Release|Any CPU
		{9F5B7127-D4D6-40B5-9992-1829EF5942A0}.Release|Any CPU.Build.0 = Release|Any CPU
		{71098284-F530-4ED9-A29E-C049B8A75A63}.Debug|Any CPU.ActiveCfg = Debug|Any CPU
		{71098284-F530-4ED9-A29E-C049B8A75A63}.Debug|Any CPU.Build.0 = Debug|Any CPU
		{71098284-F530-4ED9-A29E-C049B8A75A63}.Release|Any CPU.ActiveCfg = Release|Any CPU
		{71098284-F530-4ED9-A29E-C049B8A75A63}.Release|Any CPU.Build.0 = Release|Any CPU
	EndGlobalSection
	GlobalSection(SolutionProperties) = preSolution
		HideSolutionNode = FALSE
	EndGlobalSection
	GlobalSection(ExtensibilityGlobals) = postSolution
		SolutionGuid = {3EEB1F84-7F8A-4CB0-B242-25E64E9BC93B}
	EndGlobalSection
EndGlobal
